{
  "name": "@sms-mes/pss-db",
  "version": "0.1.0",
  "lockfileVersion": 1,
  "requires": true,
  "dependencies": {
    "@digital/board-db": {
      "version": "1.0.0",
      "resolved": "https://pkgs.dev.azure.com/vettadigital/_packaging/vettadigital/npm/registry/@digital/board-db/-/board-db-1.0.0.tgz",
      "integrity": "sha1-3QFtSXuccSCCXlJULSeoUN/3dII="
    },
    "@digital/thing-db": {
      "version": "3.0.0",
      "resolved": "https://pkgs.dev.azure.com/vettadigital/_packaging/vettadigital/npm/registry/@digital/thing-db/-/thing-db-3.0.0.tgz",
      "integrity": "sha1-pYer7i8IHDHYZvqQ9uGPowKFjTE="
    },
    "@digital/ts-db": {
      "version": "1.0.0",
      "resolved": "https://pkgs.dev.azure.com/vettadigital/_packaging/vettadigital/npm/registry/@digital/ts-db/-/ts-db-1.0.0.tgz",
      "integrity": "sha1-QxrCMhFUaHce8iyEYDnPR6BpSWE="
    },
    "@sms/plasma-audit-db": {
      "version": "1.0.2",
      "resolved": "https://pkgs.dev.azure.com/sms-digital/SMS-digital-Application-Platform/_packaging/sms-plasma/npm/registry/@sms/plasma-audit-db/-/plasma-audit-db-1.0.2.tgz",
      "integrity": "sha1-zQwb5u25xV+IlHwm+8Ym99bC+wE="
    },
    "@sms/plasma-base-db": {
      "version": "1.0.2",
      "resolved": "https://pkgs.dev.azure.com/sms-digital/SMS-digital-Application-Platform/_packaging/sms-plasma/npm/registry/@sms/plasma-base-db/-/plasma-base-db-1.0.2.tgz",
      "integrity": "sha1-mVK6ayWjntzCw+392hMqEqNAvXg="
    },
    "@sms/plasma-security-db": {
      "version": "1.0.1",
      "resolved": "https://pkgs.dev.azure.com/sms-digital/SMS-digital-Application-Platform/_packaging/sms-plasma/npm/registry/@sms/plasma-security-db/-/plasma-security-db-1.0.1.tgz",
      "integrity": "sha1-/B5NvMzYHRYBpv30Y4lZ0ekQU2g="
    },
    "@sms/plasma-uom-db": {
      "version": "1.0.2",
      "resolved": "https://pkgs.dev.azure.com/sms-digital/SMS-digital-Application-Platform/_packaging/sms-plasma/npm/registry/@sms/plasma-uom-db/-/plasma-uom-db-1.0.2.tgz",
      "integrity": "sha1-qmHkqfzLq2MZf9lPin1sHKtxwI0="
    },
    "axios": {
      "version": "0.21.1",
      "resolved": "https://registry.npmjs.org/axios/-/axios-0.21.1.tgz",
      "integrity": "sha512-dKQiRHxGD9PPRIUNIWvZhPTPpl1rf/OxTYKsqKUDjBwYylTvV7SjSHJb9ratfyzM6wCdLCOYLzs73qpg5c4iGA==",
      "requires": {
        "follow-redirects": "^1.10.0"
      }
    },
    "commander": {
      "version": "6.2.1",
      "resolved": "https://registry.npmjs.org/commander/-/commander-6.2.1.tgz",
      "integrity": "sha512-U7VdrJFnJgo4xjrHpTzu0yrHPGImdsmD95ZlgYSEajAn2JKzDhDTPG9kBTefmObL2w/ngeZnilk+OV9CG3d7UA=="
    },
    "follow-redirects": {
      "version": "1.14.1",
      "resolved": "https://registry.npmjs.org/follow-redirects/-/follow-redirects-1.14.1.tgz",
      "integrity": "sha512-HWqDgT7ZEkqRzBvc2s64vSZ/hfOceEol3ac/7tKwzuvEyWx3/4UegXh5oBOIotkGsObyk3xznnSRVADBgWSQVg=="
    },
    "prettier": {
      "version": "2.2.1",
      "resolved": "https://registry.npmjs.org/prettier/-/prettier-2.2.1.tgz",
      "integrity": "sha512-PqyhM2yCjg/oKkFPtTGUojv7gnZAoG80ttl45O6x2Ug/rMJw4wcc9k6aaf2hibP7BGVCCM33gZoGjyvt9mm16Q==",
      "dev": true
    }
  }
}
